// !$*UTF8*$!
{
	archiveVersion = 1;
	classes = {
	};
	objectVersion = 50;
	objects = {

/* Begin PBXBuildFile section */
		CC239D542466BD9F006C5277 /* AppDelegate.swift in Sources */ = {isa = PBXBuildFile; fileRef = CC239D532466BD9F006C5277 /* AppDelegate.swift */; };
		CC239D562466BD9F006C5277 /* SceneDelegate.swift in Sources */ = {isa = PBXBuildFile; fileRef = CC239D552466BD9F006C5277 /* SceneDelegate.swift */; };
		CC239D582466BD9F006C5277 /* ViewController.swift in Sources */ = {isa = PBXBuildFile; fileRef = CC239D572466BD9F006C5277 /* ViewController.swift */; };
		CC239D5B2466BD9F006C5277 /* Main.storyboard in Resources */ = {isa = PBXBuildFile; fileRef = CC239D592466BD9F006C5277 /* Main.storyboard */; };
		CC239D5D2466BDA1006C5277 /* Assets.xcassets in Resources */ = {isa = PBXBuildFile; fileRef = CC239D5C2466BDA1006C5277 /* Assets.xcassets */; };
		CC239D602466BDA1006C5277 /* LaunchScreen.storyboard in Resources */ = {isa = PBXBuildFile; fileRef = CC239D5E2466BDA1006C5277 /* LaunchScreen.storyboard */; };
/* End PBXBuildFile section */

/* Begin PBXFileReference section */
		CC239D502466BD9F006C5277 /* CloudKitPrototype.app */ = {isa = PBXFileReference; explicitFileType = wrapper.application; includeInIndex = 0; path = CloudKitPrototype.app; sourceTree = BUILT_PRODUCTS_DIR; };
		CC239D532466BD9F006C5277 /* AppDelegate.swift */ = {isa = PBXFileReference; lastKnownFileType = sourcecode.swift; path = AppDelegate.swift; sourceTree = "<group>"; };
		CC239D552466BD9F006C5277 /* SceneDelegate.swift */ = {isa = PBXFileReference; lastKnownFileType = sourcecode.swift; path = SceneDelegate.swift; sourceTree = "<group>"; };
		CC239D572466BD9F006C5277 /* ViewController.swift */ = {isa = PBXFileReference; lastKnownFileType = sourcecode.swift; path = ViewController.swift; sourceTree = "<group>"; };
		CC239D5A2466BD9F006C5277 /* Base */ = {isa = PBXFileReference; lastKnownFileType = file.storyboard; name = Base; path = Base.lproj/Main.storyboard; sourceTree = "<group>"; };
		CC239D5C2466BDA1006C5277 /* Assets.xcassets */ = {isa = PBXFileReference; lastKnownFileType = folder.assetcatalog; path = Assets.xcassets; sourceTree = "<group>"; };
		CC239D5F2466BDA1006C5277 /* Base */ = {isa = PBXFileReference; lastKnownFileType = file.storyboard; name = Base; path = Base.lproj/LaunchScreen.storyboard; sourceTree = "<group>"; };
		CC239D612466BDA1006C5277 /* Info.plist */ = {isa = PBXFileReference; lastKnownFileType = text.plist.xml; path = Info.plist; sourceTree = "<group>"; };
/* End PBXFileReference section */

/* Begin PBXFrameworksBuildPhase section */
		CC239D4D2466BD9F006C5277 /* Frameworks */ = {
			isa = PBXFrameworksBuildPhase;
			buildActionMask = 2147483647;
			files = (
			);
			runOnlyForDeploymentPostprocessing = 0;
		};
/* End PBXFrameworksBuildPhase section */

/* Begin PBXGroup section */
		CC239D472466BD9E006C5277 = {
			isa = PBXGroup;
			children = (
				CC239D522466BD9F006C5277 /* CloudKitPrototype */,
				CC239D512466BD9F006C5277 /* Products */,
			);
			sourceTree = "<group>";
		};
		CC239D512466BD9F006C5277 /* Products */ = {
			isa = PBXGroup;
			children = (
				CC239D502466BD9F006C5277 /* CloudKitPrototype.app */,
			);
			name = Products;
			sourceTree = "<group>";
		};
		CC239D522466BD9F006C5277 /* CloudKitPrototype */ = {
			isa = PBXGroup;
			children = (
				CC239D532466BD9F006C5277 /* AppDelegate.swift */,
				CC239D552466BD9F006C5277 /* SceneDelegate.swift */,
				CC239D572466BD9F006C5277 /* ViewController.swift */,
				CC239D592466BD9F006C5277 /* Main.storyboard */,
				CC239D5C2466BDA1006C5277 /* Assets.xcassets */,
				CC239D5E2466BDA1006C5277 /* LaunchScreen.storyboard */,
				CC239D612466BDA1006C5277 /* Info.plist */,
			);
			path = CloudKitPrototype;
			sourceTree = "<group>";
		};
/* End PBXGroup section */

/* Begin PBXNativeTarget section */
		CC239D4F2466BD9F006C5277 /* CloudKitPrototype */ = {
			isa = PBXNativeTarget;
			buildConfigurationList = CC239D642466BDA1006C5277 /* Build configuration list for PBXNativeTarget "CloudKitPrototype" */;
			buildPhases = (
				CC239D4C2466BD9F006C5277 /* Sources */,
				CC239D4D2466BD9F006C5277 /* Frameworks */,
				CC239D4E2466BD9F006C5277 /* Resources */,
			);
			buildRules = (
			);
			dependencies = (
			);
			name = CloudKitPrototype;
			productName = CloudKitPrototype;
			productReference = CC239D502466BD9F006C5277 /* CloudKitPrototype.app */;
			productType = "com.apple.product-type.application";
		};
/* End PBXNativeTarget section */

/* Begin PBXProject section */
		CC239D482466BD9F006C5277 /* Project object */ = {
			isa = PBXProject;
			attributes = {
				LastSwiftUpdateCheck = 1140;
				LastUpgradeCheck = 1140;
				ORGANIZATIONNAME = "Baskoro Indrayana";
				TargetAttributes = {
					CC239D4F2466BD9F006C5277 = {
						CreatedOnToolsVersion = 11.4.1;
					};
				};
			};
			buildConfigurationList = CC239D4B2466BD9F006C5277 /* Build configuration list for PBXProject "CloudKitPrototype" */;
			compatibilityVersion = "Xcode 9.3";
			developmentRegion = en;
			hasScannedForEncodings = 0;
			knownRegions = (
				en,
				Base,
			);
			mainGroup = CC239D472466BD9E006C5277;
			productRefGroup = CC239D512466BD9F006C5277 /* Products */;
			projectDirPath = "";
			projectRoot = "";
			targets = (
				CC239D4F2466BD9F006C5277 /* CloudKitPrototype */,
			);
		};
/* End PBXProject section */

/* Begin PBXResourcesBuildPhase section */
		CC239D4E2466BD9F006C5277 /* Resources */ = {
			isa = PBXResourcesBuildPhase;
			buildActionMask = 2147483647;
			files = (
				CC239D602466BDA1006C5277 /* LaunchScreen.storyboard in Resources */,
				CC239D5D2466BDA1006C5277 /* Assets.xcassets in Resources */,
				CC239D5B2466BD9F006C5277 /* Main.storyboard in Resources */,
			);
			runOnlyForDeploymentPostprocessing = 0;
		};
/* End PBXResourcesBuildPhase section */

/* Begin PBXSourcesBuildPhase section */
		CC239D4C2466BD9F006C5277 /* Sources */ = {
			isa = PBXSourcesBuildPhase;
			buildActionMask = 2147483647;
			files = (
				CC239D582466BD9F006C5277 /* ViewController.swift in Sources */,
				CC239D542466BD9F006C5277 /* AppDelegate.swift in Sources */,
				CC239D562466BD9F006C5277 /* SceneDelegate.swift in Sources */,
			);
			runOnlyForDeploymentPostprocessing = 0;
		};
/* End PBXSourcesBuildPhase section */

/* Begin PBXVariantGroup section */
		CC239D592466BD9F006C5277 /* Main.storyboard */ = {
			isa = PBXVariantGroup;
			children = (
				CC239D5A2466BD9F006C5277 /* Base */,
			);
			name = Main.storyboard;
			sourceTree = "<group>";
		};
		CC239D5E2466BDA1006C5277 /* LaunchScreen.storyboard */ = {
			isa = PBXVariantGroup;
			children = (
				CC239D5F2466BDA1006C5277 /* Base */,
			);
			name = LaunchScreen.storyboard;
			sourceTree = "<group>";
		};
/* End PBXVariantGroup section */

/* Begin XCBuildConfiguration section */
		CC239D622466BDA1006C5277 /* Debug */ = {
			isa = XCBuildConfiguration;
			buildSettings = {
				ALWAYS_SEARCH_USER_PATHS = NO;
				CLANG_ANALYZER_NONNULL = YES;
				CLANG_ANALYZER_NUMBER_OBJECT_CONVERSION = YES_AGGRESSIVE;
				CLANG_CXX_LANGUAGE_STANDARD = "gnu++14";
				CLANG_CXX_LIBRARY = "libc++";
				CLANG_ENABLE_MODULES = YES;
				CLANG_ENABLE_OBJC_ARC = YES;
				CLANG_ENABLE_OBJC_WEAK = YES;
				CLANG_WARN_BLOCK_CAPTURE_AUTORELEASING = YES;
				CLANG_WARN_BOOL_CONVERSION = YES;
				CLANG_WARN_COMMA = YES;
				CLANG_WARN_CONSTANT_CONVERSION = YES;
				CLANG_WARN_DEPRECATED_OBJC_IMPLEMENTATIONS = YES;
				CLANG_WARN_DIRECT_OBJC_ISA_USAGE = YES_ERROR;
				CLANG_WARN_DOCUMENTATION_COMMENTS = YES;
				CLANG_WARN_EMPTY_BODY = YES;
				CLANG_WARN_ENUM_CONVERSION = YES;
				CLANG_WARN_INFINITE_RECURSION = YES;
				CLANG_WARN_INT_CONVERSION = YES;
				CLANG_WARN_NON_LITERAL_NULL_CONVERSION = YES;
				CLANG_WARN_OBJC_IMPLICIT_RETAIN_SELF = YES;
				CLANG_WARN_OBJC_LITERAL_CONVERSION = YES;
				CLANG_WARN_OBJC_ROOT_CLASS = YES_ERROR;
				CLANG_WARN_RANGE_LOOP_ANALYSIS = YES;
				CLANG_WARN_STRICT_PROTOTYPES = YES;
				CLANG_WARN_SUSPICIOUS_MOVE = YES;
				CLANG_WARN_UNGUARDED_AVAILABILITY = YES_AGGRESSIVE;
				CLANG_WARN_UNREACHABLE_CODE = YES;
				CLANG_WARN__DUPLICATE_METHOD_MATCH = YES;
				COPY_PHASE_STRIP = NO;
				DEBUG_INFORMATION_FORMAT = dwarf;
				ENABLE_STRICT_OBJC_MSGSEND = YES;
				ENABLE_TESTABILITY = YES;
				GCC_C_LANGUAGE_STANDARD = gnu11;
				GCC_DYNAMIC_NO_PIC = NO;
				GCC_NO_COMMON_BLOCKS = YES;
				GCC_OPTIMIZATION_LEVEL = 0;
				GCC_PREPROCESSOR_DEFINITIONS = (
					"DEBUG=1",
					"$(inherited)",
				);
				GCC_WARN_64_TO_32_BIT_CONVERSION = YES;
				GCC_WARN_ABOUT_RETURN_TYPE = YES_ERROR;
				GCC_WARN_UNDECLARED_SELECTOR = YES;
				GCC_WARN_UNINITIALIZED_AUTOS = YES_AGGRESSIVE;
				GCC_WARN_UNUSED_FUNCTION = YES;
				GCC_WARN_UNUSED_VARIABLE = YES;
				IPHONEOS_DEPLOYMENT_TARGET = 13.4;
				MTL_ENABLE_DEBUG_INFO = INCLUDE_SOURCE;
				MTL_FAST_MATH = YES;
				ONLY_ACTIVE_ARCH = YES;
				SDKROOT = iphoneos;
				SWIFT_ACTIVE_COMPILATION_CONDITIONS = DEBUG;
				SWIFT_OPTIMIZATION_LEVEL = "-Onone";
			};
			name = Debug;
		};
		CC239D632466BDA1006C5277 /* Release */ = {
			isa = XCBuildConfiguration;
			buildSettings = {
				ALWAYS_SEARCH_USER_PATHS = NO;
				CLANG_ANALYZER_NONNULL = YES;
				CLANG_ANALYZER_NUMBER_OBJECT_CONVERSION = YES_AGGRESSIVE;
				CLANG_CXX_LANGUAGE_STANDARD = "gnu++14";
				CLANG_CXX_LIBRARY = "libc++";
				CLANG_ENABLE_MODULES = YES;
				CLANG_ENABLE_OBJC_ARC = YES;
				CLANG_ENABLE_OBJC_WEAK = YES;
				CLANG_WARN_BLOCK_CAPTURE_AUTORELEASING = YES;
				CLANG_WARN_BOOL_CONVERSION = YES;
				CLANG_WARN_COMMA = YES;
				CLANG_WARN_CONSTANT_CONVERSION = YES;
				CLANG_WARN_DEPRECATED_OBJC_IMPLEMENTATIONS = YES;
				CLANG_WARN_DIRECT_OBJC_ISA_USAGE = YES_ERROR;
				CLANG_WARN_DOCUMENTATION_COMMENTS = YES;
				CLANG_WARN_EMPTY_BODY = YES;
				CLANG_WARN_ENUM_CONVERSION = YES;
				CLANG_WARN_INFINITE_RECURSION = YES;
				CLANG_WARN_INT_CONVERSION = YES;
				CLANG_WARN_NON_LITERAL_NULL_CONVERSION = YES;
				CLANG_WARN_OBJC_IMPLICIT_RETAIN_SELF = YES;
				CLANG_WARN_OBJC_LITERAL_CONVERSION = YES;
				CLANG_WARN_OBJC_ROOT_CLASS = YES_ERROR;
				CLANG_WARN_RANGE_LOOP_ANALYSIS = YES;
				CLANG_WARN_STRICT_PROTOTYPES = YES;
				CLANG_WARN_SUSPICIOUS_MOVE = YES;
				CLANG_WARN_UNGUARDED_AVAILABILITY = YES_AGGRESSIVE;
				CLANG_WARN_UNREACHABLE_CODE = YES;
				CLANG_WARN__DUPLICATE_METHOD_MATCH = YES;
				COPY_PHASE_STRIP = NO;
				DEBUG_INFORMATION_FORMAT = "dwarf-with-dsym";
				ENABLE_NS_ASSERTIONS = NO;
				ENABLE_STRICT_OBJC_MSGSEND = YES;
				GCC_C_LANGUAGE_STANDARD = gnu11;
				GCC_NO_COMMON_BLOCKS = YES;
				GCC_WARN_64_TO_32_BIT_CONVERSION = YES;
				GCC_WARN_ABOUT_RETURN_TYPE = YES_ERROR;
				GCC_WARN_UNDECLARED_SELECTOR = YES;
				GCC_WARN_UNINITIALIZED_AUTOS = YES_AGGRESSIVE;
				GCC_WARN_UNUSED_FUNCTION = YES;
				GCC_WARN_UNUSED_VARIABLE = YES;
				IPHONEOS_DEPLOYMENT_TARGET = 13.4;
				MTL_ENABLE_DEBUG_INFO = NO;
				MTL_FAST_MATH = YES;
				SDKROOT = iphoneos;
				SWIFT_COMPILATION_MODE = wholemodule;
				SWIFT_OPTIMIZATION_LEVEL = "-O";
				VALIDATE_PRODUCT = YES;
			};
			name = Release;
		};
		CC239D652466BDA1006C5277 /* Debug */ = {
			isa = XCBuildConfiguration;
			buildSettings = {
				ASSETCATALOG_COMPILER_APPICON_NAME = AppIcon;
				CODE_SIGN_STYLE = Automatic;
				DEVELOPMENT_TEAM = FY2C2X47F9;
				INFOPLIST_FILE = CloudKitPrototype/Info.plist;
				LD_RUNPATH_SEARCH_PATHS = (
					"$(inherited)",
					"@executable_path/Frameworks",
				);
				PRODUCT_BUNDLE_IDENTIFIER = com.cohort3.mc2.CloudKitPrototype;
				PRODUCT_NAME = "$(TARGET_NAME)";
				SWIFT_VERSION = 5.0;
				TARGETED_DEVICE_FAMILY = "1,2";
			};
			name = Debug;
		};
		CC239D662466BDA1006C5277 /* Release */ = {
			isa = XCBuildConfiguration;
			buildSettings = {
				ASSETCATALOG_COMPILER_APPICON_NAME = AppIcon;
				CODE_SIGN_STYLE = Automatic;
				DEVELOPMENT_TEAM = FY2C2X47F9;
				INFOPLIST_FILE = CloudKitPrototype/Info.plist;
				LD_RUNPATH_SEARCH_PATHS = (
					"$(inherited)",
					"@executable_path/Frameworks",
				);
				PRODUCT_BUNDLE_IDENTIFIER = com.cohort3.mc2.CloudKitPrototype;
				PRODUCT_NAME = "$(TARGET_NAME)";
				SWIFT_VERSION = 5.0;
				TARGETED_DEVICE_FAMILY = "1,2";
			};
			name = Release;
		};
/* End XCBuildConfiguration section */

/* Begin XCConfigurationList section */
		CC239D4B2466BD9F006C5277 /* Build configuration list for PBXProject "CloudKitPrototype" */ = {
			isa = XCConfigurationList;
			buildConfigurations = (
				CC239D622466BDA1006C5277 /* Debug */,
				CC239D632466BDA1006C5277 /* Release */,
			);
			defaultConfigurationIsVisible = 0;
			defaultConfigurationName = Release;
		};
		CC239D642466BDA1006C5277 /* Build configuration list for PBXNativeTarget "CloudKitPrototype" */ = {
			isa = XCConfigurationList;
			buildConfigurations = (
				CC239D652466BDA1006C5277 /* Debug */,
				CC239D662466BDA1006C5277 /* Release */,
			);
			defaultConfigurationIsVisible = 0;
			defaultConfigurationName = Release;
		};
/* End XCConfigurationList section */
	};
	rootObject = CC239D482466BD9F006C5277 /* Project object */;
}
